
Microsoft Visual Studio Solution File, Format Version 12.00
# Visual Studio 15
VisualStudioVersion = 15.0.28010.2048
MinimumVisualStudioVersion = 10.0.40219.1
Project("{FAE04EC0-301F-11D3-BF4B-00C04F79EFBC}") = "PortalPinGenerator", "PortalPinGenerator\PortalPinGenerator.csproj", "{652A88D2-F7BF-4431-89C5-37D58CA8CABF}"
EndProject
Global
	GlobalSection(SolutionConfigurationPlatforms) = preSolution
		Debug|Any CPU = Debug|Any CPU
		Release|Any CPU = Release|Any CPU
	EndGlobalSection
	GlobalSection(ProjectConfigurationPlatforms) = postSolution
		{652A88D2-F7BF-4431-89C5-37D58CA8CABF}.Debug|Any CPU.ActiveCfg = Debug|Any CPU
		{652A88D2-F7BF-4431-89C5-37D58CA8CABF}.Debug|Any CPU.Build.0 = Debug|Any CPU
		{652A88D2-F7BF-4431-89C5-37D58CA8CABF}.Release|Any CPU.ActiveCfg = Release|Any CPU
		{652A88D2-F7BF-4431-89C5-37D58CA8CABF}.Release|Any CPU.Build.0 = Release|Any CPU
	EndGlobalSection
	GlobalSection(SolutionProperties) = preSolution
		HideSolutionNode = FALSE
	EndGlobalSection
	GlobalSection(ExtensibilityGlobals) = postSolution
		SolutionGuid = {2B840ABA-6826-42D0-AADB-5F9A41409B60}
	EndGlobalSection
EndGlobal
